
Microsoft Visual Studio Solution File, Format Version 12.00
# Visual Studio 15
VisualStudioVersion = 15.0.28307.421
MinimumVisualStudioVersion = 10.0.40219.1
Project("{FAE04EC0-301F-11D3-BF4B-00C04F79EFBC}") = "SepaQr", "SepaQr\SepaQr.csproj", "{E1E5B6E2-A2CA-4EA0-8363-55D5306CEB7D}"
EndProject
Project("{2150E333-8FDC-42A3-9474-1A3956D46DE8}") = "Solution Items", "Solution Items", "{82854A19-A842-4D3B-9FCE-052220FD7F1A}"
	ProjectSection(SolutionItems) = preProject
		LICENSE = LICENSE
		README.md = README.md
	EndProjectSection
EndProject
Global
	GlobalSection(SolutionConfigurationPlatforms) = preSolution
		Debug|Any CPU = Debug|Any CPU
		Release|Any CPU = Release|Any CPU
	EndGlobalSection
	GlobalSection(ProjectConfigurationPlatforms) = postSolution
		{E1E5B6E2-A2CA-4EA0-8363-55D5306CEB7D}.Debug|Any CPU.ActiveCfg = Debug|Any CPU
		{E1E5B6E2-A2CA-4EA0-8363-55D5306CEB7D}.Debug|Any CPU.Build.0 = Debug|Any CPU
		{E1E5B6E2-A2CA-4EA0-8363-55D5306CEB7D}.Release|Any CPU.ActiveCfg = Release|Any CPU
		{E1E5B6E2-A2CA-4EA0-8363-55D5306CEB7D}.Release|Any CPU.Build.0 = Release|Any CPU
	EndGlobalSection
	GlobalSection(SolutionProperties) = preSolution
		HideSolutionNode = FALSE
	EndGlobalSection
	GlobalSection(ExtensibilityGlobals) = postSolution
		SolutionGuid = {EE8F40D4-0174-483C-AC9A-900030353DF4}
	EndGlobalSection
EndGlobal
